<?xml version="1.0" encoding="utf-8"?>
<Project ToolsVersion="4.0" xmlns="http://schemas.microsoft.com/developer/msbuild/2003">
  <ItemGroup>
    <ClCompile Include="main.cpp" />
    <ClCompile Include="pe-lib\directories_impl.cpp" />
    <ClCompile Include="pe-lib\image_impl.cpp" />
    <ClCompile Include="pe-lib\rich_impl.cpp" />
    <ClCompile Include="pe-lib\sections_impl.cpp" />
    <ClCompile Include="yara\serializer.cpp" />
    <ClCompile Include="yara\features\strings.cpp" />
    <ClCompile Include="yara\features\byte-pattern.cpp" />
    <ClCompile Include="yara\hash.cpp" />
  </ItemGroup>
  <ItemGroup>
    <ClInclude Include="pe-lib\defs.hpp" />
    <ClInclude Include="pe-lib\directories.hpp" />
    <ClInclude Include="pe-lib\image.hpp" />
    <ClInclude Include="pe-lib\rich.hpp" />
    <ClInclude Include="pe-lib\sections.hpp" />
    <ClInclude Include="pe-lib\pe.h" />
    <ClInclude Include="yara\serializer.hpp" />
    <ClInclude Include="yara\features\strings.hpp" />
    <ClInclude Include="yara\features\byte-pattern.hpp" />
  </ItemGroup>
</Project>